
Microsoft Visual Studio Solution File, Format Version 12.00
# Visual Studio Version 17
VisualStudioVersion = 17.1.32421.90
MinimumVisualStudioVersion = 10.0.40219.1
Project("{888888A0-9F3D-457C-B088-3A5042F75D52}") = "Computer_Guess_The_Number", "Computer_Guess_The_Number\Computer_Guess_The_Number.pyproj", "{F22DA4A3-41E8-4C19-9CBD-2FDCD9D61465}"
EndProject
Global
	GlobalSection(SolutionConfigurationPlatforms) = preSolution
		Debug|Any CPU = Debug|Any CPU
		Release|Any CPU = Release|Any CPU
	EndGlobalSection
	GlobalSection(ProjectConfigurationPlatforms) = postSolution
		{F22DA4A3-41E8-4C19-9CBD-2FDCD9D61465}.Debug|Any CPU.ActiveCfg = Debug|Any CPU
		{F22DA4A3-41E8-4C19-9CBD-2FDCD9D61465}.Release|Any CPU.ActiveCfg = Release|Any CPU
	EndGlobalSection
	GlobalSection(SolutionProperties) = preSolution
		HideSolutionNode = FALSE
	EndGlobalSection
	GlobalSection(ExtensibilityGlobals) = postSolution
		SolutionGuid = {C98D01AA-A3C0-402F-B9C8-1438D1A9B0E2}
	EndGlobalSection
EndGlobal
