
Microsoft Visual Studio Solution File, Format Version 12.00
# Visual Studio Version 17
VisualStudioVersion = 17.1.32421.90
MinimumVisualStudioVersion = 10.0.40219.1
Project("{888888A0-9F3D-457C-B088-3A5042F75D52}") = "Guess_The_Number", "Guess_The_Number\Guess_The_Number.pyproj", "{E635EC6D-147A-4FD5-A802-C515D178D90D}"
EndProject
Global
	GlobalSection(SolutionConfigurationPlatforms) = preSolution
		Debug|Any CPU = Debug|Any CPU
		Release|Any CPU = Release|Any CPU
	EndGlobalSection
	GlobalSection(ProjectConfigurationPlatforms) = postSolution
		{E635EC6D-147A-4FD5-A802-C515D178D90D}.Debug|Any CPU.ActiveCfg = Debug|Any CPU
		{E635EC6D-147A-4FD5-A802-C515D178D90D}.Release|Any CPU.ActiveCfg = Release|Any CPU
	EndGlobalSection
	GlobalSection(SolutionProperties) = preSolution
		HideSolutionNode = FALSE
	EndGlobalSection
	GlobalSection(ExtensibilityGlobals) = postSolution
		SolutionGuid = {872FAAB6-9195-4DAF-A2B3-92B9E984D2A3}
	EndGlobalSection
EndGlobal
